
Microsoft Visual Studio Solution File, Format Version 12.00
# Visual Studio Version 17
VisualStudioVersion = 17.14.36811.4
MinimumVisualStudioVersion = 10.0.40219.1
Project("{54A90642-561A-4BB1-A94E-469ADEE60C69}") = "dungeonexplorer.client", "DungeonExplorer.Client\React\dungeonexplorer.client.esproj", "{085DA0CF-447B-6C87-432F-E08B0F856EAF}"
EndProject
Project("{FAE04EC0-301F-11D3-BF4B-00C04F79EFBC}") = "DungeonExplorer.Client.Maui", "DungeonExplorer.Client\DungeonExplorer.Client.Maui\DungeonExplorer.Client.Maui.csproj", "{FCB16772-A039-4E29-B705-2E2DC0CE7C63}"
EndProject
Global
	GlobalSection(SolutionConfigurationPlatforms) = preSolution
		Debug|Any CPU = Debug|Any CPU
		Release|Any CPU = Release|Any CPU
	EndGlobalSection
	GlobalSection(ProjectConfigurationPlatforms) = postSolution
		{085DA0CF-447B-6C87-432F-E08B0F856EAF}.Debug|Any CPU.ActiveCfg = Debug|Any CPU
		{085DA0CF-447B-6C87-432F-E08B0F856EAF}.Debug|Any CPU.Build.0 = Debug|Any CPU
		{085DA0CF-447B-6C87-432F-E08B0F856EAF}.Debug|Any CPU.Deploy.0 = Debug|Any CPU
		{085DA0CF-447B-6C87-432F-E08B0F856EAF}.Release|Any CPU.ActiveCfg = Release|Any CPU
		{085DA0CF-447B-6C87-432F-E08B0F856EAF}.Release|Any CPU.Build.0 = Release|Any CPU
		{085DA0CF-447B-6C87-432F-E08B0F856EAF}.Release|Any CPU.Deploy.0 = Release|Any CPU
		{FCB16772-A039-4E29-B705-2E2DC0CE7C63}.Debug|Any CPU.ActiveCfg = Debug|Any CPU
		{FCB16772-A039-4E29-B705-2E2DC0CE7C63}.Debug|Any CPU.Build.0 = Debug|Any CPU
		{FCB16772-A039-4E29-B705-2E2DC0CE7C63}.Release|Any CPU.ActiveCfg = Release|Any CPU
		{FCB16772-A039-4E29-B705-2E2DC0CE7C63}.Release|Any CPU.Build.0 = Release|Any CPU
	EndGlobalSection
	GlobalSection(SolutionProperties) = preSolution
		HideSolutionNode = FALSE
	EndGlobalSection
	GlobalSection(ExtensibilityGlobals) = postSolution
		SolutionGuid = {80EFE90B-A245-4446-9C84-FD03E1AB60AB}
	EndGlobalSection
EndGlobal
