
Microsoft Visual Studio Solution File, Format Version 12.00
# Visual Studio Version 17
VisualStudioVersion = 17.14.36811.4
MinimumVisualStudioVersion = 10.0.40219.1
Project("{FAE04EC0-301F-11D3-BF4B-00C04F79EFBC}") = "DungeonExplorer.Api", "DungeonExplorer\DungeonExplorer.Api.csproj", "{7DE88C02-511B-4A5E-99FD-22838EC66274}"
EndProject
Project("{FAE04EC0-301F-11D3-BF4B-00C04F79EFBC}") = "DungeonExplorer.Api.Domain", "Dungeon.Domain\DungeonExplorer.Api.Domain.csproj", "{C98E3DB9-1481-4A49-B4D2-E1277238FD65}"
EndProject
Project("{FAE04EC0-301F-11D3-BF4B-00C04F79EFBC}") = "DungeonExplorer.Api.Service", "Dungeon.Service\DungeonExplorer.Api.Service.csproj", "{1B33A9CB-1467-46D4-875D-F5116DC95960}"
EndProject
Project("{FAE04EC0-301F-11D3-BF4B-00C04F79EFBC}") = "DungeonExplorer.Api.Storage", "Dungeon.Storage\DungeonExplorer.Api.Storage.csproj", "{6123B3EB-1393-6D4F-8822-34A2AA2D4BF2}"
EndProject
Project("{FAE04EC0-301F-11D3-BF4B-00C04F79EFBC}") = "DungeonExplorer.Api.Tests", "DungeonExplorer.Api.Tests\DungeonExplorer.Api.Tests.csproj", "{B37E394A-1DFB-4E7A-B863-5279A9E428EC}"
EndProject
Global
	GlobalSection(SolutionConfigurationPlatforms) = preSolution
		Debug|Any CPU = Debug|Any CPU
		Release|Any CPU = Release|Any CPU
	EndGlobalSection
	GlobalSection(ProjectConfigurationPlatforms) = postSolution
		{7DE88C02-511B-4A5E-99FD-22838EC66274}.Debug|Any CPU.ActiveCfg = Debug|Any CPU
		{7DE88C02-511B-4A5E-99FD-22838EC66274}.Debug|Any CPU.Build.0 = Debug|Any CPU
		{7DE88C02-511B-4A5E-99FD-22838EC66274}.Release|Any CPU.ActiveCfg = Release|Any CPU
		{7DE88C02-511B-4A5E-99FD-22838EC66274}.Release|Any CPU.Build.0 = Release|Any CPU
		{C98E3DB9-1481-4A49-B4D2-E1277238FD65}.Debug|Any CPU.ActiveCfg = Debug|Any CPU
		{C98E3DB9-1481-4A49-B4D2-E1277238FD65}.Debug|Any CPU.Build.0 = Debug|Any CPU
		{C98E3DB9-1481-4A49-B4D2-E1277238FD65}.Release|Any CPU.ActiveCfg = Release|Any CPU
		{C98E3DB9-1481-4A49-B4D2-E1277238FD65}.Release|Any CPU.Build.0 = Release|Any CPU
		{1B33A9CB-1467-46D4-875D-F5116DC95960}.Debug|Any CPU.ActiveCfg = Debug|Any CPU
		{1B33A9CB-1467-46D4-875D-F5116DC95960}.Debug|Any CPU.Build.0 = Debug|Any CPU
		{1B33A9CB-1467-46D4-875D-F5116DC95960}.Release|Any CPU.ActiveCfg = Release|Any CPU
		{1B33A9CB-1467-46D4-875D-F5116DC95960}.Release|Any CPU.Build.0 = Release|Any CPU
		{6123B3EB-1393-6D4F-8822-34A2AA2D4BF2}.Debug|Any CPU.ActiveCfg = Debug|Any CPU
		{6123B3EB-1393-6D4F-8822-34A2AA2D4BF2}.Debug|Any CPU.Build.0 = Debug|Any CPU
		{6123B3EB-1393-6D4F-8822-34A2AA2D4BF2}.Release|Any CPU.ActiveCfg = Release|Any CPU
		{6123B3EB-1393-6D4F-8822-34A2AA2D4BF2}.Release|Any CPU.Build.0 = Release|Any CPU
		{B37E394A-1DFB-4E7A-B863-5279A9E428EC}.Debug|Any CPU.ActiveCfg = Debug|Any CPU
		{B37E394A-1DFB-4E7A-B863-5279A9E428EC}.Debug|Any CPU.Build.0 = Debug|Any CPU
		{B37E394A-1DFB-4E7A-B863-5279A9E428EC}.Release|Any CPU.ActiveCfg = Release|Any CPU
		{B37E394A-1DFB-4E7A-B863-5279A9E428EC}.Release|Any CPU.Build.0 = Release|Any CPU
	EndGlobalSection
	GlobalSection(SolutionProperties) = preSolution
		HideSolutionNode = FALSE
	EndGlobalSection
	GlobalSection(ExtensibilityGlobals) = postSolution
		SolutionGuid = {A393E906-A563-4D9C-BCFD-DE74EF338562}
	EndGlobalSection
EndGlobal
